
Microsoft Visual Studio Solution File, Format Version 12.00
# Visual Studio Version 16
VisualStudioVersion = 16.0.29411.108
MinimumVisualStudioVersion = 10.0.40219.1
Project("{FAE04EC0-301F-11D3-BF4B-00C04F79EFBC}") = "FitParse", "FitParse.csproj", "{4C33D1E8-733A-4B70-BF51-9B458DCCADE1}"
EndProject
Global
	GlobalSection(SolutionConfigurationPlatforms) = preSolution
		Debug|Any CPU = Debug|Any CPU
		Release|Any CPU = Release|Any CPU
	EndGlobalSection
	GlobalSection(ProjectConfigurationPlatforms) = postSolution
		{4C33D1E8-733A-4B70-BF51-9B458DCCADE1}.Debug|Any CPU.ActiveCfg = Debug|Any CPU
		{4C33D1E8-733A-4B70-BF51-9B458DCCADE1}.Debug|Any CPU.Build.0 = Debug|Any CPU
		{4C33D1E8-733A-4B70-BF51-9B458DCCADE1}.Release|Any CPU.ActiveCfg = Release|Any CPU
		{4C33D1E8-733A-4B70-BF51-9B458DCCADE1}.Release|Any CPU.Build.0 = Release|Any CPU
	EndGlobalSection
	GlobalSection(SolutionProperties) = preSolution
		HideSolutionNode = FALSE
	EndGlobalSection
	GlobalSection(ExtensibilityGlobals) = postSolution
		SolutionGuid = {E940DFAB-7E39-48E8-A656-133936DB63B7}
	EndGlobalSection
EndGlobal
